// !$*UTF8*$!
{
	archiveVersion = 1;
	classes = {
	};
	objectVersion = 50;
	objects = {

/* Begin PBXBuildFile section */
		4B23B399216FB24C004F92AD /* URL_Extension.swift in Sources */ = {isa = PBXBuildFile; fileRef = 4B23B398216FB24C004F92AD /* URL_Extension.swift */; };
		4BC2CFD0216DBC8E00E47553 /* AppDelegate.swift in Sources */ = {isa = PBXBuildFile; fileRef = 4BC2CFCF216DBC8E00E47553 /* AppDelegate.swift */; };
		4BC2CFD5216DBC8E00E47553 /* Main.storyboard in Resources */ = {isa = PBXBuildFile; fileRef = 4BC2CFD3216DBC8E00E47553 /* Main.storyboard */; };
		4BC2CFD7216DBD2000E47553 /* Assets.xcassets in Resources */ = {isa = PBXBuildFile; fileRef = 4BC2CFD6216DBD2000E47553 /* Assets.xcassets */; };
		4BC2CFDA216DBD2000E47553 /* LaunchScreen.storyboard in Resources */ = {isa = PBXBuildFile; fileRef = 4BC2CFD8216DBD2000E47553 /* LaunchScreen.storyboard */; };
		4BDF218A21724B5A00EA277F /* ListModel.swift in Sources */ = {isa = PBXBuildFile; fileRef = 4BDF218921724B5A00EA277F /* ListModel.swift */; };
		4BDF218C21725E7000EA277F /* UsersModel.swift in Sources */ = {isa = PBXBuildFile; fileRef = 4BDF218B21725E7000EA277F /* UsersModel.swift */; };
		4BDF218F2173272F00EA277F /* NSObject+Observing.m in Sources */ = {isa = PBXBuildFile; fileRef = 4BDF218D2173272900EA277F /* NSObject+Observing.m */; };
		4BDF21B221732F6A00EA277F /* TableViewModel.swift in Sources */ = {isa = PBXBuildFile; fileRef = 4BDF21AE21732F6300EA277F /* TableViewModel.swift */; };
		4BDF21B521732F6A00EA277F /* BaseViewModel.swift in Sources */ = {isa = PBXBuildFile; fileRef = 4BDF21B121732F6A00EA277F /* BaseViewModel.swift */; };
		4BDF21B92173473500EA277F /* BaseCellViewModel.swift in Sources */ = {isa = PBXBuildFile; fileRef = 4BDF21B72173473300EA277F /* BaseCellViewModel.swift */; };
		4BDF21CC217380B300EA277F /* NavigationController.swift in Sources */ = {isa = PBXBuildFile; fileRef = 4BDF21BE217380A300EA277F /* NavigationController.swift */; };
		4BDF21CF217380B400EA277F /* RefreshableTableViewController.swift in Sources */ = {isa = PBXBuildFile; fileRef = 4BDF21C1217380A900EA277F /* RefreshableTableViewController.swift */; };
		4BDF21D1217380B400EA277F /* CustomStyleViewController.swift in Sources */ = {isa = PBXBuildFile; fileRef = 4BDF21C3217380AB00EA277F /* CustomStyleViewController.swift */; };
		4BDF21D2217380B400EA277F /* CustomTableViewController.swift in Sources */ = {isa = PBXBuildFile; fileRef = 4BDF21C4217380AB00EA277F /* CustomTableViewController.swift */; };
		4BDF21D9217380B400EA277F /* BaseViewController.swift in Sources */ = {isa = PBXBuildFile; fileRef = 4BDF21CB217380B300EA277F /* BaseViewController.swift */; };
		4BDF21DD217443EF00EA277F /* UsersTableCell.swift in Sources */ = {isa = PBXBuildFile; fileRef = 4BDF21DB217443EF00EA277F /* UsersTableCell.swift */; };
		4BDF21DE217443EF00EA277F /* UsersTableCell.xib in Resources */ = {isa = PBXBuildFile; fileRef = 4BDF21DC217443EF00EA277F /* UsersTableCell.xib */; };
		4BDF21E021744FE000EA277F /* UsersViewController.swift in Sources */ = {isa = PBXBuildFile; fileRef = 4BDF21DF21744FE000EA277F /* UsersViewController.swift */; };
		4BDF21E22174521600EA277F /* UsersViewModel.swift in Sources */ = {isa = PBXBuildFile; fileRef = 4BDF21E12174521600EA277F /* UsersViewModel.swift */; };
		4BDF21E4217452BA00EA277F /* UsersCellViewModel.swift in Sources */ = {isa = PBXBuildFile; fileRef = 4BDF21E3217452BA00EA277F /* UsersCellViewModel.swift */; };
		4BDF21E62174A89600EA277F /* ActivityIndicatorController.swift in Sources */ = {isa = PBXBuildFile; fileRef = 4BDF21E52174A89600EA277F /* ActivityIndicatorController.swift */; };
		4BDF21E82174BDF500EA277F /* KeyboardController.swift in Sources */ = {isa = PBXBuildFile; fileRef = 4BDF21E72174BDF400EA277F /* KeyboardController.swift */; };
		4BDF21EB2174DCD100EA277F /* CreatingUserModel.swift in Sources */ = {isa = PBXBuildFile; fileRef = 4BDF21EA2174DCD100EA277F /* CreatingUserModel.swift */; };
		4BDF21ED2174DD2E00EA277F /* CreatingUserRequest.swift in Sources */ = {isa = PBXBuildFile; fileRef = 4BDF21EC2174DD2E00EA277F /* CreatingUserRequest.swift */; };
		4BDF21EF2174F09500EA277F /* CreatingUserViewModel.swift in Sources */ = {isa = PBXBuildFile; fileRef = 4BDF21EE2174F09500EA277F /* CreatingUserViewModel.swift */; };
		4BDF21F12174F0FA00EA277F /* CreatingUserCellViewModel.swift in Sources */ = {isa = PBXBuildFile; fileRef = 4BDF21F02174F0FA00EA277F /* CreatingUserCellViewModel.swift */; };
		4BDF21F6217519AF00EA277F /* UserCell.swift in Sources */ = {isa = PBXBuildFile; fileRef = 4BDF21F4217519AF00EA277F /* UserCell.swift */; };
		4BDF21F7217519AF00EA277F /* UserCell.xib in Resources */ = {isa = PBXBuildFile; fileRef = 4BDF21F5217519AF00EA277F /* UserCell.xib */; };
		4BDF21F921751B1C00EA277F /* String_Extension.swift in Sources */ = {isa = PBXBuildFile; fileRef = 4BDF21F821751B1C00EA277F /* String_Extension.swift */; };
		4BDF21FB21751DF700EA277F /* CreatingUserViewController.swift in Sources */ = {isa = PBXBuildFile; fileRef = 4BDF21FA21751DF700EA277F /* CreatingUserViewController.swift */; };
		4BDF21FD21752A8900EA277F /* UIImage_Extension.swift in Sources */ = {isa = PBXBuildFile; fileRef = 4BDF21FC21752A8900EA277F /* UIImage_Extension.swift */; };
		4BDF21FF2175A4BE00EA277F /* RequestUtitlity.swift in Sources */ = {isa = PBXBuildFile; fileRef = 4BDF21FE2175A4BE00EA277F /* RequestUtitlity.swift */; };
		4BDF22012175D67900EA277F /* EditingUserRequest.swift in Sources */ = {isa = PBXBuildFile; fileRef = 4BDF22002175D67900EA277F /* EditingUserRequest.swift */; };
		4BDF22032175DA1600EA277F /* EditingUserModel.swift in Sources */ = {isa = PBXBuildFile; fileRef = 4BDF22022175DA1600EA277F /* EditingUserModel.swift */; };
		4BDF22052175DC2100EA277F /* EditingUserViewController.swift in Sources */ = {isa = PBXBuildFile; fileRef = 4BDF22042175DC2100EA277F /* EditingUserViewController.swift */; };
		4BEE5FA52170724E00A96F15 /* ErrorHandler.swift in Sources */ = {isa = PBXBuildFile; fileRef = 4BEE5FA42170724E00A96F15 /* ErrorHandler.swift */; };
		4BEE5FA7217074F100A96F15 /* Constants.swift in Sources */ = {isa = PBXBuildFile; fileRef = 4BEE5FA6217074F100A96F15 /* Constants.swift */; };
		4BEE5FA921709A4A00A96F15 /* OperationQueue_Extension.swift in Sources */ = {isa = PBXBuildFile; fileRef = 4BEE5FA821709A4A00A96F15 /* OperationQueue_Extension.swift */; };
		4BEE5FAD2170E38E00A96F15 /* ClosureCommand.swift in Sources */ = {isa = PBXBuildFile; fileRef = 4BEE5FAC2170E38E00A96F15 /* ClosureCommand.swift */; };
		4BEE5FB121710B8300A96F15 /* ConcurrentCommand.swift in Sources */ = {isa = PBXBuildFile; fileRef = 4BEE5FB021710B8200A96F15 /* ConcurrentCommand.swift */; };
		4BEE5FB52171B0BF00A96F15 /* TIOSUser.m in Sources */ = {isa = PBXBuildFile; fileRef = 4BEE5FB42171B0BF00A96F15 /* TIOSUser.m */; };
		4BEE5FB82171B36100A96F15 /* TIOSUserEntity.m in Sources */ = {isa = PBXBuildFile; fileRef = 4BEE5FB72171B36100A96F15 /* TIOSUserEntity.m */; };
		4BEE5FBB2171B61100A96F15 /* JSONValueTransformer+DataTransformer.m in Sources */ = {isa = PBXBuildFile; fileRef = 4BEE5FBA2171B61100A96F15 /* JSONValueTransformer+DataTransformer.m */; };
		4BEE5FBD2171BB3D00A96F15 /* UsersRequest.swift in Sources */ = {isa = PBXBuildFile; fileRef = 4BEE5FBC2171BB3D00A96F15 /* UsersRequest.swift */; };
		4BF6EFB7216F2C6B00D13BC2 /* BaseModel.swift in Sources */ = {isa = PBXBuildFile; fileRef = 4BF6EFB6216F2C6B00D13BC2 /* BaseModel.swift */; };
		4BF6EFC2216F2EE600D13BC2 /* Command.swift in Sources */ = {isa = PBXBuildFile; fileRef = 4BF6EFC1216F2EE600D13BC2 /* Command.swift */; };
		4BF6EFC6216F31ED00D13BC2 /* TIOSExceptionHandler.m in Sources */ = {isa = PBXBuildFile; fileRef = 4BF6EFC5216F31ED00D13BC2 /* TIOSExceptionHandler.m */; };
		4BF6EFC8216F399A00D13BC2 /* BaseRequest.swift in Sources */ = {isa = PBXBuildFile; fileRef = 4BF6EFC7216F399A00D13BC2 /* BaseRequest.swift */; };
		6885654C6846A0DC8DE6A9CE /* Pods_task_iOS.framework in Frameworks */ = {isa = PBXBuildFile; fileRef = 2FE42D9C203FB48196B07A1B /* Pods_task_iOS.framework */; };
/* End PBXBuildFile section */

/* Begin PBXFileReference section */
		2FE42D9C203FB48196B07A1B /* Pods_task_iOS.framework */ = {isa = PBXFileReference; explicitFileType = wrapper.framework; includeInIndex = 0; path = Pods_task_iOS.framework; sourceTree = BUILT_PRODUCTS_DIR; };
		4B23B398216FB24C004F92AD /* URL_Extension.swift */ = {isa = PBXFileReference; lastKnownFileType = sourcecode.swift; path = URL_Extension.swift; sourceTree = "<group>"; };
		4BC2CFCC216DBC8D00E47553 /* task iOS.app */ = {isa = PBXFileReference; explicitFileType = wrapper.application; includeInIndex = 0; path = "task iOS.app"; sourceTree = BUILT_PRODUCTS_DIR; };
		4BC2CFCF216DBC8E00E47553 /* AppDelegate.swift */ = {isa = PBXFileReference; lastKnownFileType = sourcecode.swift; path = AppDelegate.swift; sourceTree = "<group>"; };
		4BC2CFD4216DBC8E00E47553 /* Base */ = {isa = PBXFileReference; lastKnownFileType = file.storyboard; name = Base; path = Base.lproj/Main.storyboard; sourceTree = "<group>"; };
		4BC2CFD6216DBD2000E47553 /* Assets.xcassets */ = {isa = PBXFileReference; lastKnownFileType = folder.assetcatalog; path = Assets.xcassets; sourceTree = "<group>"; };
		4BC2CFD9216DBD2000E47553 /* Base */ = {isa = PBXFileReference; lastKnownFileType = file.storyboard; name = Base; path = Base.lproj/LaunchScreen.storyboard; sourceTree = "<group>"; };
		4BC2CFDB216DBD2000E47553 /* Info.plist */ = {isa = PBXFileReference; lastKnownFileType = text.plist.xml; path = Info.plist; sourceTree = "<group>"; };
		4BDF218921724B5A00EA277F /* ListModel.swift */ = {isa = PBXFileReference; lastKnownFileType = sourcecode.swift; path = ListModel.swift; sourceTree = "<group>"; };
		4BDF218B21725E7000EA277F /* UsersModel.swift */ = {isa = PBXFileReference; lastKnownFileType = sourcecode.swift; path = UsersModel.swift; sourceTree = "<group>"; };
		4BDF218D2173272900EA277F /* NSObject+Observing.m */ = {isa = PBXFileReference; fileEncoding = 4; lastKnownFileType = sourcecode.c.objc; path = "NSObject+Observing.m"; sourceTree = "<group>"; };
		4BDF218E2173272D00EA277F /* NSObject+Observing.h */ = {isa = PBXFileReference; fileEncoding = 4; lastKnownFileType = sourcecode.c.h; path = "NSObject+Observing.h"; sourceTree = "<group>"; };
		4BDF21AE21732F6300EA277F /* TableViewModel.swift */ = {isa = PBXFileReference; fileEncoding = 4; lastKnownFileType = sourcecode.swift; path = TableViewModel.swift; sourceTree = "<group>"; };
		4BDF21B121732F6A00EA277F /* BaseViewModel.swift */ = {isa = PBXFileReference; fileEncoding = 4; lastKnownFileType = sourcecode.swift; path = BaseViewModel.swift; sourceTree = "<group>"; };
		4BDF21B72173473300EA277F /* BaseCellViewModel.swift */ = {isa = PBXFileReference; fileEncoding = 4; lastKnownFileType = sourcecode.swift; path = BaseCellViewModel.swift; sourceTree = "<group>"; };
		4BDF21BE217380A300EA277F /* NavigationController.swift */ = {isa = PBXFileReference; fileEncoding = 4; lastKnownFileType = sourcecode.swift; path = NavigationController.swift; sourceTree = "<group>"; };
		4BDF21C1217380A900EA277F /* RefreshableTableViewController.swift */ = {isa = PBXFileReference; fileEncoding = 4; lastKnownFileType = sourcecode.swift; path = RefreshableTableViewController.swift; sourceTree = "<group>"; };
		4BDF21C3217380AB00EA277F /* CustomStyleViewController.swift */ = {isa = PBXFileReference; fileEncoding = 4; lastKnownFileType = sourcecode.swift; path = CustomStyleViewController.swift; sourceTree = "<group>"; };
		4BDF21C4217380AB00EA277F /* CustomTableViewController.swift */ = {isa = PBXFileReference; fileEncoding = 4; lastKnownFileType = sourcecode.swift; path = CustomTableViewController.swift; sourceTree = "<group>"; };
		4BDF21CB217380B300EA277F /* BaseViewController.swift */ = {isa = PBXFileReference; fileEncoding = 4; lastKnownFileType = sourcecode.swift; path = BaseViewController.swift; sourceTree = "<group>"; };
		4BDF21DB217443EF00EA277F /* UsersTableCell.swift */ = {isa = PBXFileReference; lastKnownFileType = sourcecode.swift; path = UsersTableCell.swift; sourceTree = "<group>"; };
		4BDF21DC217443EF00EA277F /* UsersTableCell.xib */ = {isa = PBXFileReference; lastKnownFileType = file.xib; path = UsersTableCell.xib; sourceTree = "<group>"; };
		4BDF21DF21744FE000EA277F /* UsersViewController.swift */ = {isa = PBXFileReference; lastKnownFileType = sourcecode.swift; path = UsersViewController.swift; sourceTree = "<group>"; };
		4BDF21E12174521600EA277F /* UsersViewModel.swift */ = {isa = PBXFileReference; lastKnownFileType = sourcecode.swift; path = UsersViewModel.swift; sourceTree = "<group>"; };
		4BDF21E3217452BA00EA277F /* UsersCellViewModel.swift */ = {isa = PBXFileReference; lastKnownFileType = sourcecode.swift; path = UsersCellViewModel.swift; sourceTree = "<group>"; };
		4BDF21E52174A89600EA277F /* ActivityIndicatorController.swift */ = {isa = PBXFileReference; lastKnownFileType = sourcecode.swift; path = ActivityIndicatorController.swift; sourceTree = "<group>"; };
		4BDF21E72174BDF400EA277F /* KeyboardController.swift */ = {isa = PBXFileReference; fileEncoding = 4; lastKnownFileType = sourcecode.swift; path = KeyboardController.swift; sourceTree = "<group>"; };
		4BDF21EA2174DCD100EA277F /* CreatingUserModel.swift */ = {isa = PBXFileReference; lastKnownFileType = sourcecode.swift; path = CreatingUserModel.swift; sourceTree = "<group>"; };
		4BDF21EC2174DD2E00EA277F /* CreatingUserRequest.swift */ = {isa = PBXFileReference; lastKnownFileType = sourcecode.swift; path = CreatingUserRequest.swift; sourceTree = "<group>"; };
		4BDF21EE2174F09500EA277F /* CreatingUserViewModel.swift */ = {isa = PBXFileReference; lastKnownFileType = sourcecode.swift; path = CreatingUserViewModel.swift; sourceTree = "<group>"; };
		4BDF21F02174F0FA00EA277F /* CreatingUserCellViewModel.swift */ = {isa = PBXFileReference; lastKnownFileType = sourcecode.swift; path = CreatingUserCellViewModel.swift; sourceTree = "<group>"; };
		4BDF21F4217519AF00EA277F /* UserCell.swift */ = {isa = PBXFileReference; lastKnownFileType = sourcecode.swift; path = UserCell.swift; sourceTree = "<group>"; };
		4BDF21F5217519AF00EA277F /* UserCell.xib */ = {isa = PBXFileReference; lastKnownFileType = file.xib; path = UserCell.xib; sourceTree = "<group>"; };
		4BDF21F821751B1C00EA277F /* String_Extension.swift */ = {isa = PBXFileReference; lastKnownFileType = sourcecode.swift; path = String_Extension.swift; sourceTree = "<group>"; };
		4BDF21FA21751DF700EA277F /* CreatingUserViewController.swift */ = {isa = PBXFileReference; lastKnownFileType = sourcecode.swift; path = CreatingUserViewController.swift; sourceTree = "<group>"; };
		4BDF21FC21752A8900EA277F /* UIImage_Extension.swift */ = {isa = PBXFileReference; lastKnownFileType = sourcecode.swift; path = UIImage_Extension.swift; sourceTree = "<group>"; };
		4BDF21FE2175A4BE00EA277F /* RequestUtitlity.swift */ = {isa = PBXFileReference; lastKnownFileType = sourcecode.swift; path = RequestUtitlity.swift; sourceTree = "<group>"; };
		4BDF22002175D67900EA277F /* EditingUserRequest.swift */ = {isa = PBXFileReference; lastKnownFileType = sourcecode.swift; path = EditingUserRequest.swift; sourceTree = "<group>"; };
		4BDF22022175DA1600EA277F /* EditingUserModel.swift */ = {isa = PBXFileReference; lastKnownFileType = sourcecode.swift; path = EditingUserModel.swift; sourceTree = "<group>"; };
		4BDF22042175DC2100EA277F /* EditingUserViewController.swift */ = {isa = PBXFileReference; lastKnownFileType = sourcecode.swift; path = EditingUserViewController.swift; sourceTree = "<group>"; };
		4BEE5FA42170724E00A96F15 /* ErrorHandler.swift */ = {isa = PBXFileReference; lastKnownFileType = sourcecode.swift; path = ErrorHandler.swift; sourceTree = "<group>"; };
		4BEE5FA6217074F100A96F15 /* Constants.swift */ = {isa = PBXFileReference; lastKnownFileType = sourcecode.swift; path = Constants.swift; sourceTree = "<group>"; };
		4BEE5FA821709A4A00A96F15 /* OperationQueue_Extension.swift */ = {isa = PBXFileReference; lastKnownFileType = sourcecode.swift; path = OperationQueue_Extension.swift; sourceTree = "<group>"; };
		4BEE5FAC2170E38E00A96F15 /* ClosureCommand.swift */ = {isa = PBXFileReference; lastKnownFileType = sourcecode.swift; path = ClosureCommand.swift; sourceTree = "<group>"; };
		4BEE5FB021710B8200A96F15 /* ConcurrentCommand.swift */ = {isa = PBXFileReference; fileEncoding = 4; lastKnownFileType = sourcecode.swift; path = ConcurrentCommand.swift; sourceTree = "<group>"; };
		4BEE5FB32171B0BF00A96F15 /* TIOSUser.h */ = {isa = PBXFileReference; lastKnownFileType = sourcecode.c.h; path = TIOSUser.h; sourceTree = "<group>"; };
		4BEE5FB42171B0BF00A96F15 /* TIOSUser.m */ = {isa = PBXFileReference; lastKnownFileType = sourcecode.c.objc; path = TIOSUser.m; sourceTree = "<group>"; };
		4BEE5FB62171B36100A96F15 /* TIOSUserEntity.h */ = {isa = PBXFileReference; lastKnownFileType = sourcecode.c.h; path = TIOSUserEntity.h; sourceTree = "<group>"; };
		4BEE5FB72171B36100A96F15 /* TIOSUserEntity.m */ = {isa = PBXFileReference; lastKnownFileType = sourcecode.c.objc; path = TIOSUserEntity.m; sourceTree = "<group>"; };
		4BEE5FB92171B61000A96F15 /* JSONValueTransformer+DataTransformer.h */ = {isa = PBXFileReference; lastKnownFileType = sourcecode.c.h; path = "JSONValueTransformer+DataTransformer.h"; sourceTree = "<group>"; };
		4BEE5FBA2171B61100A96F15 /* JSONValueTransformer+DataTransformer.m */ = {isa = PBXFileReference; lastKnownFileType = sourcecode.c.objc; path = "JSONValueTransformer+DataTransformer.m"; sourceTree = "<group>"; };
		4BEE5FBC2171BB3D00A96F15 /* UsersRequest.swift */ = {isa = PBXFileReference; lastKnownFileType = sourcecode.swift; path = UsersRequest.swift; sourceTree = "<group>"; };
		4BF6EFB6216F2C6B00D13BC2 /* BaseModel.swift */ = {isa = PBXFileReference; lastKnownFileType = sourcecode.swift; path = BaseModel.swift; sourceTree = "<group>"; };
		4BF6EFC1216F2EE600D13BC2 /* Command.swift */ = {isa = PBXFileReference; fileEncoding = 4; lastKnownFileType = sourcecode.swift; path = Command.swift; sourceTree = "<group>"; };
		4BF6EFC3216F31EC00D13BC2 /* task iOS-Bridging-Header.h */ = {isa = PBXFileReference; lastKnownFileType = sourcecode.c.h; path = "task iOS-Bridging-Header.h"; sourceTree = "<group>"; };
		4BF6EFC4216F31ED00D13BC2 /* TIOSExceptionHandler.h */ = {isa = PBXFileReference; lastKnownFileType = sourcecode.c.h; path = TIOSExceptionHandler.h; sourceTree = "<group>"; };
		4BF6EFC5216F31ED00D13BC2 /* TIOSExceptionHandler.m */ = {isa = PBXFileReference; lastKnownFileType = sourcecode.c.objc; path = TIOSExceptionHandler.m; sourceTree = "<group>"; };
		4BF6EFC7216F399A00D13BC2 /* BaseRequest.swift */ = {isa = PBXFileReference; lastKnownFileType = sourcecode.swift; path = BaseRequest.swift; sourceTree = "<group>"; };
		62A7177AC0CA5745F1BF67D1 /* Pods-task iOS.debug.xcconfig */ = {isa = PBXFileReference; includeInIndex = 1; lastKnownFileType = text.xcconfig; name = "Pods-task iOS.debug.xcconfig"; path = "Pods/Target Support Files/Pods-task iOS/Pods-task iOS.debug.xcconfig"; sourceTree = "<group>"; };
		F4FD9A7BAD0F324040261A70 /* Pods-task iOS.release.xcconfig */ = {isa = PBXFileReference; includeInIndex = 1; lastKnownFileType = text.xcconfig; name = "Pods-task iOS.release.xcconfig"; path = "Pods/Target Support Files/Pods-task iOS/Pods-task iOS.release.xcconfig"; sourceTree = "<group>"; };
/* End PBXFileReference section */

/* Begin PBXFrameworksBuildPhase section */
		4BC2CFC9216DBC8D00E47553 /* Frameworks */ = {
			isa = PBXFrameworksBuildPhase;
			buildActionMask = 2147483647;
			files = (
				6885654C6846A0DC8DE6A9CE /* Pods_task_iOS.framework in Frameworks */,
			);
			runOnlyForDeploymentPostprocessing = 0;
		};
/* End PBXFrameworksBuildPhase section */

/* Begin PBXGroup section */
		4B23B397216FB203004F92AD /* Extensions */ = {
			isa = PBXGroup;
			children = (
				4B23B398216FB24C004F92AD /* URL_Extension.swift */,
				4BEE5FA821709A4A00A96F15 /* OperationQueue_Extension.swift */,
				4BDF21F821751B1C00EA277F /* String_Extension.swift */,
				4BDF21FC21752A8900EA277F /* UIImage_Extension.swift */,
			);
			path = Extensions;
			sourceTree = "<group>";
		};
		4BC2CFC3216DBC8D00E47553 = {
			isa = PBXGroup;
			children = (
				4BC2CFCE216DBC8D00E47553 /* task iOS */,
				4BC2CFCD216DBC8D00E47553 /* Products */,
				6F91231AAFE60F48FF549D5D /* Pods */,
				5538CDBDF3377706F6D7BF16 /* Frameworks */,
			);
			sourceTree = "<group>";
		};
		4BC2CFCD216DBC8D00E47553 /* Products */ = {
			isa = PBXGroup;
			children = (
				4BC2CFCC216DBC8D00E47553 /* task iOS.app */,
			);
			name = Products;
			sourceTree = "<group>";
		};
		4BC2CFCE216DBC8D00E47553 /* task iOS */ = {
			isa = PBXGroup;
			children = (
				4BDF21DA217443A500EA277F /* Cells */,
				4BDF21BD21737DF400EA277F /* ViewControllers */,
				4BDF21902173277700EA277F /* ViewModels */,
				4BEE5FB22171AFF000A96F15 /* DataStructures */,
				4B23B397216FB203004F92AD /* Extensions */,
				4BF6EFC0216F2EE600D13BC2 /* Command */,
				4BF6EFB8216F2C7600D13BC2 /* Requests */,
				4BF6EFB5216F2C4500D13BC2 /* Model */,
				4BC2CFCF216DBC8E00E47553 /* AppDelegate.swift */,
				4BEE5FA6217074F100A96F15 /* Constants.swift */,
				4BEE5FA42170724E00A96F15 /* ErrorHandler.swift */,
				4BDF21E52174A89600EA277F /* ActivityIndicatorController.swift */,
				4BDF21E72174BDF400EA277F /* KeyboardController.swift */,
				4BC2CFD3216DBC8E00E47553 /* Main.storyboard */,
				4BC2CFD6216DBD2000E47553 /* Assets.xcassets */,
				4BC2CFD8216DBD2000E47553 /* LaunchScreen.storyboard */,
				4BC2CFDB216DBD2000E47553 /* Info.plist */,
				4BF6EFC4216F31ED00D13BC2 /* TIOSExceptionHandler.h */,
				4BF6EFC5216F31ED00D13BC2 /* TIOSExceptionHandler.m */,
				4BEE5FB92171B61000A96F15 /* JSONValueTransformer+DataTransformer.h */,
				4BEE5FBA2171B61100A96F15 /* JSONValueTransformer+DataTransformer.m */,
				4BDF218E2173272D00EA277F /* NSObject+Observing.h */,
				4BDF218D2173272900EA277F /* NSObject+Observing.m */,
				4BF6EFC3216F31EC00D13BC2 /* task iOS-Bridging-Header.h */,
			);
			path = "task iOS";
			sourceTree = "<group>";
		};
		4BDF21902173277700EA277F /* ViewModels */ = {
			isa = PBXGroup;
			children = (
				4BDF21B121732F6A00EA277F /* BaseViewModel.swift */,
				4BDF21AE21732F6300EA277F /* TableViewModel.swift */,
				4BDF21E12174521600EA277F /* UsersViewModel.swift */,
				4BDF21B62173439E00EA277F /* CellViewModels */,
				4BDF21EE2174F09500EA277F /* CreatingUserViewModel.swift */,
			);
			path = ViewModels;
			sourceTree = "<group>";
		};
		4BDF21B62173439E00EA277F /* CellViewModels */ = {
			isa = PBXGroup;
			children = (
				4BDF21B72173473300EA277F /* BaseCellViewModel.swift */,
				4BDF21E3217452BA00EA277F /* UsersCellViewModel.swift */,
				4BDF21F02174F0FA00EA277F /* CreatingUserCellViewModel.swift */,
			);
			path = CellViewModels;
			sourceTree = "<group>";
		};
		4BDF21BD21737DF400EA277F /* ViewControllers */ = {
			isa = PBXGroup;
			children = (
				4BDF21CB217380B300EA277F /* BaseViewController.swift */,
				4BDF21C3217380AB00EA277F /* CustomStyleViewController.swift */,
				4BDF21C4217380AB00EA277F /* CustomTableViewController.swift */,
				4BDF21BE217380A300EA277F /* NavigationController.swift */,
				4BDF21C1217380A900EA277F /* RefreshableTableViewController.swift */,
				4BDF21DF21744FE000EA277F /* UsersViewController.swift */,
				4BDF21FA21751DF700EA277F /* CreatingUserViewController.swift */,
				4BDF22042175DC2100EA277F /* EditingUserViewController.swift */,
			);
			path = ViewControllers;
			sourceTree = "<group>";
		};
		4BDF21DA217443A500EA277F /* Cells */ = {
			isa = PBXGroup;
			children = (
				4BDF21DB217443EF00EA277F /* UsersTableCell.swift */,
				4BDF21DC217443EF00EA277F /* UsersTableCell.xib */,
				4BDF21F4217519AF00EA277F /* UserCell.swift */,
				4BDF21F5217519AF00EA277F /* UserCell.xib */,
			);
			path = Cells;
			sourceTree = "<group>";
		};
		4BEE5FB22171AFF000A96F15 /* DataStructures */ = {
			isa = PBXGroup;
			children = (
				4BEE5FB32171B0BF00A96F15 /* TIOSUser.h */,
				4BEE5FB42171B0BF00A96F15 /* TIOSUser.m */,
				4BEE5FB62171B36100A96F15 /* TIOSUserEntity.h */,
				4BEE5FB72171B36100A96F15 /* TIOSUserEntity.m */,
			);
			path = DataStructures;
			sourceTree = "<group>";
		};
		4BF6EFB5216F2C4500D13BC2 /* Model */ = {
			isa = PBXGroup;
			children = (
				4BF6EFB6216F2C6B00D13BC2 /* BaseModel.swift */,
				4BDF218921724B5A00EA277F /* ListModel.swift */,
				4BDF218B21725E7000EA277F /* UsersModel.swift */,
				4BDF21EA2174DCD100EA277F /* CreatingUserModel.swift */,
				4BDF22022175DA1600EA277F /* EditingUserModel.swift */,
			);
			path = Model;
			sourceTree = "<group>";
		};
		4BF6EFB8216F2C7600D13BC2 /* Requests */ = {
			isa = PBXGroup;
			children = (
				4BF6EFC7216F399A00D13BC2 /* BaseRequest.swift */,
				4BEE5FBC2171BB3D00A96F15 /* UsersRequest.swift */,
				4BDF21EC2174DD2E00EA277F /* CreatingUserRequest.swift */,
				4BDF22002175D67900EA277F /* EditingUserRequest.swift */,
				4BDF21FE2175A4BE00EA277F /* RequestUtitlity.swift */,
			);
			path = Requests;
			sourceTree = "<group>";
		};
		4BF6EFC0216F2EE600D13BC2 /* Command */ = {
			isa = PBXGroup;
			children = (
				4BF6EFC1216F2EE600D13BC2 /* Command.swift */,
				4BEE5FAC2170E38E00A96F15 /* ClosureCommand.swift */,
				4BEE5FB021710B8200A96F15 /* ConcurrentCommand.swift */,
			);
			path = Command;
			sourceTree = "<group>";
		};
		5538CDBDF3377706F6D7BF16 /* Frameworks */ = {
			isa = PBXGroup;
			children = (
				2FE42D9C203FB48196B07A1B /* Pods_task_iOS.framework */,
			);
			name = Frameworks;
			sourceTree = "<group>";
		};
		6F91231AAFE60F48FF549D5D /* Pods */ = {
			isa = PBXGroup;
			children = (
				62A7177AC0CA5745F1BF67D1 /* Pods-task iOS.debug.xcconfig */,
				F4FD9A7BAD0F324040261A70 /* Pods-task iOS.release.xcconfig */,
			);
			name = Pods;
			sourceTree = "<group>";
		};
/* End PBXGroup section */

/* Begin PBXNativeTarget section */
		4BC2CFCB216DBC8D00E47553 /* task iOS */ = {
			isa = PBXNativeTarget;
			buildConfigurationList = 4BC2CFDE216DBD2000E47553 /* Build configuration list for PBXNativeTarget "task iOS" */;
			buildPhases = (
				72A0B9CAF73DC4296B783728 /* [CP] Check Pods Manifest.lock */,
				4BC2CFC8216DBC8D00E47553 /* Sources */,
				4BC2CFC9216DBC8D00E47553 /* Frameworks */,
				4BC2CFCA216DBC8D00E47553 /* Resources */,
				868AEF6CB8840444ACF92E32 /* [CP] Embed Pods Frameworks */,
				4BDF21E92174C3E300EA277F /* ShellScript */,
			);
			buildRules = (
			);
			dependencies = (
			);
			name = "task iOS";
			productName = "task iOS";
			productReference = 4BC2CFCC216DBC8D00E47553 /* task iOS.app */;
			productType = "com.apple.product-type.application";
		};
/* End PBXNativeTarget section */

/* Begin PBXProject section */
		4BC2CFC4216DBC8D00E47553 /* Project object */ = {
			isa = PBXProject;
			attributes = {
				CLASSPREFIX = TIOS;
				LastSwiftUpdateCheck = 1000;
				LastUpgradeCheck = 1000;
				ORGANIZATIONNAME = petr;
				TargetAttributes = {
					4BC2CFCB216DBC8D00E47553 = {
						CreatedOnToolsVersion = 10.0;
						LastSwiftMigration = 1000;
					};
				};
			};
			buildConfigurationList = 4BC2CFC7216DBC8D00E47553 /* Build configuration list for PBXProject "task iOS" */;
			compatibilityVersion = "Xcode 9.3";
			developmentRegion = en;
			hasScannedForEncodings = 0;
			knownRegions = (
				en,
				Base,
			);
			mainGroup = 4BC2CFC3216DBC8D00E47553;
			productRefGroup = 4BC2CFCD216DBC8D00E47553 /* Products */;
			projectDirPath = "";
			projectRoot = "";
			targets = (
				4BC2CFCB216DBC8D00E47553 /* task iOS */,
			);
		};
/* End PBXProject section */

/* Begin PBXResourcesBuildPhase section */
		4BC2CFCA216DBC8D00E47553 /* Resources */ = {
			isa = PBXResourcesBuildPhase;
			buildActionMask = 2147483647;
			files = (
				4BDF21DE217443EF00EA277F /* UsersTableCell.xib in Resources */,
				4BC2CFDA216DBD2000E47553 /* LaunchScreen.storyboard in Resources */,
				4BC2CFD7216DBD2000E47553 /* Assets.xcassets in Resources */,
				4BC2CFD5216DBC8E00E47553 /* Main.storyboard in Resources */,
				4BDF21F7217519AF00EA277F /* UserCell.xib in Resources */,
			);
			runOnlyForDeploymentPostprocessing = 0;
		};
/* End PBXResourcesBuildPhase section */

/* Begin PBXShellScriptBuildPhase section */
		4BDF21E92174C3E300EA277F /* ShellScript */ = {
			isa = PBXShellScriptBuildPhase;
			buildActionMask = 2147483647;
			files = (
			);
			inputPaths = (
			);
			outputPaths = (
			);
			runOnlyForDeploymentPostprocessing = 0;
			shellPath = /bin/sh;
			shellScript = "\"${PODS_ROOT}/Fabric/run\" c08a00d5622dfa2994b43ba104fc03449ec25fc9 30c690356554b3572424f5357af00cc6383a2c9bfb2775424585ecd62fe3811a";
		};
		72A0B9CAF73DC4296B783728 /* [CP] Check Pods Manifest.lock */ = {
			isa = PBXShellScriptBuildPhase;
			buildActionMask = 2147483647;
			files = (
			);
			inputPaths = (
				"${PODS_PODFILE_DIR_PATH}/Podfile.lock",
				"${PODS_ROOT}/Manifest.lock",
			);
			name = "[CP] Check Pods Manifest.lock";
			outputPaths = (
				"$(DERIVED_FILE_DIR)/Pods-task iOS-checkManifestLockResult.txt",
			);
			runOnlyForDeploymentPostprocessing = 0;
			shellPath = /bin/sh;
			shellScript = "diff \"${PODS_PODFILE_DIR_PATH}/Podfile.lock\" \"${PODS_ROOT}/Manifest.lock\" > /dev/null\nif [ $? != 0 ] ; then\n    # print error to STDERR\n    echo \"error: The sandbox is not in sync with the Podfile.lock. Run 'pod install' or update your CocoaPods installation.\" >&2\n    exit 1\nfi\n# This output is used by Xcode 'outputs' to avoid re-running this script phase.\necho \"SUCCESS\" > \"${SCRIPT_OUTPUT_FILE_0}\"\n";
			showEnvVarsInLog = 0;
		};
		868AEF6CB8840444ACF92E32 /* [CP] Embed Pods Frameworks */ = {
			isa = PBXShellScriptBuildPhase;
			buildActionMask = 2147483647;
			files = (
			);
			inputPaths = (
				"${SRCROOT}/Pods/Target Support Files/Pods-task iOS/Pods-task iOS-frameworks.sh",
				"${BUILT_PRODUCTS_DIR}/AFNetworkActivityLogger/AFNetworkActivityLogger.framework",
				"${BUILT_PRODUCTS_DIR}/AFNetworking/AFNetworking.framework",
				"${BUILT_PRODUCTS_DIR}/JSONModel/JSONModel.framework",
				"${BUILT_PRODUCTS_DIR}/MBProgressHUD/MBProgressHUD.framework",
				"${BUILT_PRODUCTS_DIR}/SDWebImage/SDWebImage.framework",
			);
			name = "[CP] Embed Pods Frameworks";
			outputPaths = (
				"${TARGET_BUILD_DIR}/${FRAMEWORKS_FOLDER_PATH}/AFNetworkActivityLogger.framework",
				"${TARGET_BUILD_DIR}/${FRAMEWORKS_FOLDER_PATH}/AFNetworking.framework",
				"${TARGET_BUILD_DIR}/${FRAMEWORKS_FOLDER_PATH}/JSONModel.framework",
				"${TARGET_BUILD_DIR}/${FRAMEWORKS_FOLDER_PATH}/MBProgressHUD.framework",
				"${TARGET_BUILD_DIR}/${FRAMEWORKS_FOLDER_PATH}/SDWebImage.framework",
			);
			runOnlyForDeploymentPostprocessing = 0;
			shellPath = /bin/sh;
			shellScript = "\"${SRCROOT}/Pods/Target Support Files/Pods-task iOS/Pods-task iOS-frameworks.sh\"\n";
			showEnvVarsInLog = 0;
		};
/* End PBXShellScriptBuildPhase section */

/* Begin PBXSourcesBuildPhase section */
		4BC2CFC8216DBC8D00E47553 /* Sources */ = {
			isa = PBXSourcesBuildPhase;
			buildActionMask = 2147483647;
			files = (
				4BF6EFB7216F2C6B00D13BC2 /* BaseModel.swift in Sources */,
				4BDF21CC217380B300EA277F /* NavigationController.swift in Sources */,
				4BDF21B92173473500EA277F /* BaseCellViewModel.swift in Sources */,
				4BDF21E62174A89600EA277F /* ActivityIndicatorController.swift in Sources */,
				4BDF22012175D67900EA277F /* EditingUserRequest.swift in Sources */,
				4BDF21F921751B1C00EA277F /* String_Extension.swift in Sources */,
				4BDF21DD217443EF00EA277F /* UsersTableCell.swift in Sources */,
				4BDF22052175DC2100EA277F /* EditingUserViewController.swift in Sources */,
				4BDF21EB2174DCD100EA277F /* CreatingUserModel.swift in Sources */,
				4BDF21F6217519AF00EA277F /* UserCell.swift in Sources */,
				4BDF21FD21752A8900EA277F /* UIImage_Extension.swift in Sources */,
				4BDF21D2217380B400EA277F /* CustomTableViewController.swift in Sources */,
				4BEE5FB52171B0BF00A96F15 /* TIOSUser.m in Sources */,
				4BF6EFC8216F399A00D13BC2 /* BaseRequest.swift in Sources */,
				4BF6EFC6216F31ED00D13BC2 /* TIOSExceptionHandler.m in Sources */,
				4BDF21FB21751DF700EA277F /* CreatingUserViewController.swift in Sources */,
				4BDF21EF2174F09500EA277F /* CreatingUserViewModel.swift in Sources */,
				4BDF21D9217380B400EA277F /* BaseViewController.swift in Sources */,
				4BEE5FA921709A4A00A96F15 /* OperationQueue_Extension.swift in Sources */,
				4B23B399216FB24C004F92AD /* URL_Extension.swift in Sources */,
				4BDF21E22174521600EA277F /* UsersViewModel.swift in Sources */,
				4BEE5FA52170724E00A96F15 /* ErrorHandler.swift in Sources */,
				4BDF21E021744FE000EA277F /* UsersViewController.swift in Sources */,
				4BDF21F12174F0FA00EA277F /* CreatingUserCellViewModel.swift in Sources */,
				4BDF218C21725E7000EA277F /* UsersModel.swift in Sources */,
				4BEE5FBD2171BB3D00A96F15 /* UsersRequest.swift in Sources */,
				4BF6EFC2216F2EE600D13BC2 /* Command.swift in Sources */,
				4BDF21B221732F6A00EA277F /* TableViewModel.swift in Sources */,
				4BDF21E82174BDF500EA277F /* KeyboardController.swift in Sources */,
				4BDF218A21724B5A00EA277F /* ListModel.swift in Sources */,
				4BDF21B521732F6A00EA277F /* BaseViewModel.swift in Sources */,
				4BEE5FB121710B8300A96F15 /* ConcurrentCommand.swift in Sources */,
				4BDF218F2173272F00EA277F /* NSObject+Observing.m in Sources */,
				4BDF21CF217380B400EA277F /* RefreshableTableViewController.swift in Sources */,
				4BEE5FAD2170E38E00A96F15 /* ClosureCommand.swift in Sources */,
				4BDF21D1217380B400EA277F /* CustomStyleViewController.swift in Sources */,
				4BEE5FBB2171B61100A96F15 /* JSONValueTransformer+DataTransformer.m in Sources */,
				4BDF21E4217452BA00EA277F /* UsersCellViewModel.swift in Sources */,
				4BDF21ED2174DD2E00EA277F /* CreatingUserRequest.swift in Sources */,
				4BC2CFD0216DBC8E00E47553 /* AppDelegate.swift in Sources */,
				4BDF21FF2175A4BE00EA277F /* RequestUtitlity.swift in Sources */,
				4BDF22032175DA1600EA277F /* EditingUserModel.swift in Sources */,
				4BEE5FB82171B36100A96F15 /* TIOSUserEntity.m in Sources */,
				4BEE5FA7217074F100A96F15 /* Constants.swift in Sources */,
			);
			runOnlyForDeploymentPostprocessing = 0;
		};
/* End PBXSourcesBuildPhase section */

/* Begin PBXVariantGroup section */
		4BC2CFD3216DBC8E00E47553 /* Main.storyboard */ = {
			isa = PBXVariantGroup;
			children = (
				4BC2CFD4216DBC8E00E47553 /* Base */,
			);
			name = Main.storyboard;
			sourceTree = "<group>";
		};
		4BC2CFD8216DBD2000E47553 /* LaunchScreen.storyboard */ = {
			isa = PBXVariantGroup;
			children = (
				4BC2CFD9216DBD2000E47553 /* Base */,
			);
			name = LaunchScreen.storyboard;
			sourceTree = "<group>";
		};
/* End PBXVariantGroup section */

/* Begin XCBuildConfiguration section */
		4BC2CFDC216DBD2000E47553 /* Debug */ = {
			isa = XCBuildConfiguration;
			buildSettings = {
				ALWAYS_SEARCH_USER_PATHS = NO;
				CLANG_ANALYZER_NONNULL = YES;
				CLANG_ANALYZER_NUMBER_OBJECT_CONVERSION = YES_AGGRESSIVE;
				CLANG_CXX_LANGUAGE_STANDARD = "gnu++14";
				CLANG_CXX_LIBRARY = "libc++";
				CLANG_ENABLE_MODULES = YES;
				CLANG_ENABLE_OBJC_ARC = YES;
				CLANG_ENABLE_OBJC_WEAK = YES;
				CLANG_WARN_BLOCK_CAPTURE_AUTORELEASING = YES;
				CLANG_WARN_BOOL_CONVERSION = YES;
				CLANG_WARN_COMMA = YES;
				CLANG_WARN_CONSTANT_CONVERSION = YES;
				CLANG_WARN_DEPRECATED_OBJC_IMPLEMENTATIONS = YES;
				CLANG_WARN_DIRECT_OBJC_ISA_USAGE = YES_ERROR;
				CLANG_WARN_DOCUMENTATION_COMMENTS = YES;
				CLANG_WARN_EMPTY_BODY = YES;
				CLANG_WARN_ENUM_CONVERSION = YES;
				CLANG_WARN_INFINITE_RECURSION = YES;
				CLANG_WARN_INT_CONVERSION = YES;
				CLANG_WARN_NON_LITERAL_NULL_CONVERSION = YES;
				CLANG_WARN_OBJC_IMPLICIT_RETAIN_SELF = YES;
				CLANG_WARN_OBJC_LITERAL_CONVERSION = YES;
				CLANG_WARN_OBJC_ROOT_CLASS = YES_ERROR;
				CLANG_WARN_RANGE_LOOP_ANALYSIS = YES;
				CLANG_WARN_STRICT_PROTOTYPES = YES;
				CLANG_WARN_SUSPICIOUS_MOVE = YES;
				CLANG_WARN_UNGUARDED_AVAILABILITY = YES_AGGRESSIVE;
				CLANG_WARN_UNREACHABLE_CODE = YES;
				CLANG_WARN__DUPLICATE_METHOD_MATCH = YES;
				CODE_SIGN_IDENTITY = "iPhone Developer";
				COPY_PHASE_STRIP = NO;
				DEBUG_INFORMATION_FORMAT = dwarf;
				ENABLE_STRICT_OBJC_MSGSEND = YES;
				ENABLE_TESTABILITY = YES;
				GCC_C_LANGUAGE_STANDARD = gnu11;
				GCC_DYNAMIC_NO_PIC = NO;
				GCC_NO_COMMON_BLOCKS = YES;
				GCC_OPTIMIZATION_LEVEL = 0;
				GCC_PREPROCESSOR_DEFINITIONS = (
					"DEBUG=1",
					"$(inherited)",
				);
				GCC_WARN_64_TO_32_BIT_CONVERSION = YES;
				GCC_WARN_ABOUT_RETURN_TYPE = YES_ERROR;
				GCC_WARN_UNDECLARED_SELECTOR = YES;
				GCC_WARN_UNINITIALIZED_AUTOS = YES_AGGRESSIVE;
				GCC_WARN_UNUSED_FUNCTION = YES;
				GCC_WARN_UNUSED_VARIABLE = YES;
				IPHONEOS_DEPLOYMENT_TARGET = 9.3;
				MTL_ENABLE_DEBUG_INFO = INCLUDE_SOURCE;
				MTL_FAST_MATH = YES;
				ONLY_ACTIVE_ARCH = YES;
				SDKROOT = iphoneos;
				SWIFT_ACTIVE_COMPILATION_CONDITIONS = DEBUG;
				SWIFT_OPTIMIZATION_LEVEL = "-Onone";
			};
			name = Debug;
		};
		4BC2CFDD216DBD2000E47553 /* Release */ = {
			isa = XCBuildConfiguration;
			buildSettings = {
				ALWAYS_SEARCH_USER_PATHS = NO;
				CLANG_ANALYZER_NONNULL = YES;
				CLANG_ANALYZER_NUMBER_OBJECT_CONVERSION = YES_AGGRESSIVE;
				CLANG_CXX_LANGUAGE_STANDARD = "gnu++14";
				CLANG_CXX_LIBRARY = "libc++";
				CLANG_ENABLE_MODULES = YES;
				CLANG_ENABLE_OBJC_ARC = YES;
				CLANG_ENABLE_OBJC_WEAK = YES;
				CLANG_WARN_BLOCK_CAPTURE_AUTORELEASING = YES;
				CLANG_WARN_BOOL_CONVERSION = YES;
				CLANG_WARN_COMMA = YES;
				CLANG_WARN_CONSTANT_CONVERSION = YES;
				CLANG_WARN_DEPRECATED_OBJC_IMPLEMENTATIONS = YES;
				CLANG_WARN_DIRECT_OBJC_ISA_USAGE = YES_ERROR;
				CLANG_WARN_DOCUMENTATION_COMMENTS = YES;
				CLANG_WARN_EMPTY_BODY = YES;
				CLANG_WARN_ENUM_CONVERSION = YES;
				CLANG_WARN_INFINITE_RECURSION = YES;
				CLANG_WARN_INT_CONVERSION = YES;
				CLANG_WARN_NON_LITERAL_NULL_CONVERSION = YES;
				CLANG_WARN_OBJC_IMPLICIT_RETAIN_SELF = YES;
				CLANG_WARN_OBJC_LITERAL_CONVERSION = YES;
				CLANG_WARN_OBJC_ROOT_CLASS = YES_ERROR;
				CLANG_WARN_RANGE_LOOP_ANALYSIS = YES;
				CLANG_WARN_STRICT_PROTOTYPES = YES;
				CLANG_WARN_SUSPICIOUS_MOVE = YES;
				CLANG_WARN_UNGUARDED_AVAILABILITY = YES_AGGRESSIVE;
				CLANG_WARN_UNREACHABLE_CODE = YES;
				CLANG_WARN__DUPLICATE_METHOD_MATCH = YES;
				CODE_SIGN_IDENTITY = "iPhone Developer";
				COPY_PHASE_STRIP = NO;
				DEBUG_INFORMATION_FORMAT = "dwarf-with-dsym";
				ENABLE_NS_ASSERTIONS = NO;
				ENABLE_STRICT_OBJC_MSGSEND = YES;
				GCC_C_LANGUAGE_STANDARD = gnu11;
				GCC_NO_COMMON_BLOCKS = YES;
				GCC_WARN_64_TO_32_BIT_CONVERSION = YES;
				GCC_WARN_ABOUT_RETURN_TYPE = YES_ERROR;
				GCC_WARN_UNDECLARED_SELECTOR = YES;
				GCC_WARN_UNINITIALIZED_AUTOS = YES_AGGRESSIVE;
				GCC_WARN_UNUSED_FUNCTION = YES;
				GCC_WARN_UNUSED_VARIABLE = YES;
				IPHONEOS_DEPLOYMENT_TARGET = 9.3;
				MTL_ENABLE_DEBUG_INFO = NO;
				MTL_FAST_MATH = YES;
				SDKROOT = iphoneos;
				SWIFT_COMPILATION_MODE = wholemodule;
				SWIFT_OPTIMIZATION_LEVEL = "-O";
				VALIDATE_PRODUCT = YES;
			};
			name = Release;
		};
		4BC2CFDF216DBD2000E47553 /* Debug */ = {
			isa = XCBuildConfiguration;
			baseConfigurationReference = 62A7177AC0CA5745F1BF67D1 /* Pods-task iOS.debug.xcconfig */;
			buildSettings = {
				ASSETCATALOG_COMPILER_APPICON_NAME = AppIcon;
				CLANG_ENABLE_MODULES = YES;
				CODE_SIGN_STYLE = Automatic;
				DEVELOPMENT_TEAM = RAYS248E4R;
				INFOPLIST_FILE = "task iOS/Info.plist";
				LD_RUNPATH_SEARCH_PATHS = (
					"$(inherited)",
					"@executable_path/Frameworks",
				);
				PRODUCT_BUNDLE_IDENTIFIER = "org.home.task-iOS";
				PRODUCT_NAME = "$(TARGET_NAME)";
				SWIFT_OBJC_BRIDGING_HEADER = "task iOS/task iOS-Bridging-Header.h";
				SWIFT_OPTIMIZATION_LEVEL = "-Onone";
				SWIFT_VERSION = 4.0;
				TARGETED_DEVICE_FAMILY = "1,2";
			};
			name = Debug;
		};
		4BC2CFE0216DBD2000E47553 /* Release */ = {
			isa = XCBuildConfiguration;
			baseConfigurationReference = F4FD9A7BAD0F324040261A70 /* Pods-task iOS.release.xcconfig */;
			buildSettings = {
				ASSETCATALOG_COMPILER_APPICON_NAME = AppIcon;
				CLANG_ENABLE_MODULES = YES;
				CODE_SIGN_STYLE = Automatic;
				DEVELOPMENT_TEAM = RAYS248E4R;
				INFOPLIST_FILE = "task iOS/Info.plist";
				LD_RUNPATH_SEARCH_PATHS = (
					"$(inherited)",
					"@executable_path/Frameworks",
				);
				PRODUCT_BUNDLE_IDENTIFIER = "org.home.task-iOS";
				PRODUCT_NAME = "$(TARGET_NAME)";
				SWIFT_OBJC_BRIDGING_HEADER = "task iOS/task iOS-Bridging-Header.h";
				SWIFT_VERSION = 4.0;
				TARGETED_DEVICE_FAMILY = "1,2";
			};
			name = Release;
		};
/* End XCBuildConfiguration section */

/* Begin XCConfigurationList section */
		4BC2CFC7216DBC8D00E47553 /* Build configuration list for PBXProject "task iOS" */ = {
			isa = XCConfigurationList;
			buildConfigurations = (
				4BC2CFDC216DBD2000E47553 /* Debug */,
				4BC2CFDD216DBD2000E47553 /* Release */,
			);
			defaultConfigurationIsVisible = 0;
			defaultConfigurationName = Release;
		};
		4BC2CFDE216DBD2000E47553 /* Build configuration list for PBXNativeTarget "task iOS" */ = {
			isa = XCConfigurationList;
			buildConfigurations = (
				4BC2CFDF216DBD2000E47553 /* Debug */,
				4BC2CFE0216DBD2000E47553 /* Release */,
			);
			defaultConfigurationIsVisible = 0;
			defaultConfigurationName = Release;
		};
/* End XCConfigurationList section */
	};
	rootObject = 4BC2CFC4216DBC8D00E47553 /* Project object */;
}
